# THIS IS AN AUTOGENERATED FILE. DO NOT EDIT THIS FILE DIRECTLY.
# yarn lockfile v1


fds-dictionary@^2.29:
  version "2.29.123"
  resolved "https://registry.yarnpkg.com/fds-dictionary/-/fds-dictionary-2.29.123.tgz#dbc3570078c222fcfc8b4e4d39c5ae50785f52c1"
  integrity sha512-0iUE7rruMpBAUxb33yp2BGSbiirZzUnOICt2vPTrI+DHi/4YW0Mp5WSrNVazSoPpP4ZIShrJVSkbmusr1ovj4w==
