# THIS IS AN AUTOGENERATED FILE. DO NOT EDIT THIS FILE DIRECTLY.
# yarn lockfile v1


fds-dictionary@^2.11:
  version "2.11.81"
  resolved "https://registry.yarnpkg.com/fds-dictionary/-/fds-dictionary-2.11.81.tgz#a42aba75333bdb72e447457cc489759870ba7cf3"
  integrity sha512-djSImWIJ4/UhROTCyWvwPKi7O05jXF1Ua3uVUOQrpcYEFNFkWpLFECrxxc4to3zRQca90Xz7fOWnXhNXw6OXDQ==
