# THIS IS AN AUTOGENERATED FILE. DO NOT EDIT THIS FILE DIRECTLY.
# yarn lockfile v1


fds-dictionary@^2:
  version "2.16.93"
  resolved "https://registry.yarnpkg.com/fds-dictionary/-/fds-dictionary-2.16.93.tgz#84f45ac3c912ac6c0a2e7a66e478b584e8c5f9b0"
  integrity sha512-/DES63N1gxODGcn+Qa9t7KhpzaaMQPJdikONvwyd/Iwz0P8MUZ+RFcvjxAh94OhU9kLp6m3jRF42jKJrtTP/cQ==
