# THIS IS AN AUTOGENERATED FILE. DO NOT EDIT THIS FILE DIRECTLY.
# yarn lockfile v1


fds-dictionary@^2.2.47:
  version "2.2.47"
  resolved "https://registry.yarnpkg.com/fds-dictionary/-/fds-dictionary-2.2.47.tgz#b59f377ca347744c48b58a041cf22011453e8fb9"
  integrity sha512-07p4HlGNOBD2T5Hlh7ezgpM0HqcjEU7WJpiYujPQxFKhtnGILpm+uVaMz/HtadRFXtDBPXCl7g+6f8unrsfCXg==
